
Microsoft Visual Studio Solution File, Format Version 12.00
# Visual Studio Version 17
VisualStudioVersion = 17.5.33516.290
MinimumVisualStudioVersion = 10.0.40219.1
Project("{FAE04EC0-301F-11D3-BF4B-00C04F79EFBC}") = "LyahAnastasia2.2", "LyahAnastasia2.2\LyahAnastasia2.2.csproj", "{0B749B52-6BDB-4FE4-81AC-6D6347432B06}"
EndProject
Global
	GlobalSection(SolutionConfigurationPlatforms) = preSolution
		Debug|Any CPU = Debug|Any CPU
		Release|Any CPU = Release|Any CPU
	EndGlobalSection
	GlobalSection(ProjectConfigurationPlatforms) = postSolution
		{0B749B52-6BDB-4FE4-81AC-6D6347432B06}.Debug|Any CPU.ActiveCfg = Debug|Any CPU
		{0B749B52-6BDB-4FE4-81AC-6D6347432B06}.Debug|Any CPU.Build.0 = Debug|Any CPU
		{0B749B52-6BDB-4FE4-81AC-6D6347432B06}.Release|Any CPU.ActiveCfg = Release|Any CPU
		{0B749B52-6BDB-4FE4-81AC-6D6347432B06}.Release|Any CPU.Build.0 = Release|Any CPU
	EndGlobalSection
	GlobalSection(SolutionProperties) = preSolution
		HideSolutionNode = FALSE
	EndGlobalSection
	GlobalSection(ExtensibilityGlobals) = postSolution
		SolutionGuid = {92BD66E0-2870-4160-BF2C-BA3BB492DF45}
	EndGlobalSection
EndGlobal
